PODS:
  - SwiftMonkey (2.1.1)
  - SwiftMonkeyPaws (2.1.1)

DEPENDENCIES:
  - SwiftMonkey
  - SwiftMonkeyPaws

SPEC REPOS:
  https://github.com/CocoaPods/Specs.git:
    - SwiftMonkey
    - SwiftMonkeyPaws

SPEC CHECKSUMS:
  SwiftMonkey: aea6f2707a4b7ab5277b4d2fd2f0723a083997b1
  SwiftMonkeyPaws: 655524bb402df5ac2be836f9f604aca1068fbde6

PODFILE CHECKSUM: 7debf811948399b07c18294a52057cfc1991ec44

COCOAPODS: 1.8.3
